
Microsoft Visual Studio Solution File, Format Version 12.00
# Visual Studio Version 17
VisualStudioVersion = 17.5.33424.131
MinimumVisualStudioVersion = 10.0.40219.1
Project("{FAE04EC0-301F-11D3-BF4B-00C04F79EFBC}") = "Demo01B", "Demo01B\Demo01B.csproj", "{CF23E0F7-5917-4E25-BB60-D51EB4CF2ACE}"
EndProject
Global
	GlobalSection(SolutionConfigurationPlatforms) = preSolution
		Debug|Any CPU = Debug|Any CPU
		Release|Any CPU = Release|Any CPU
	EndGlobalSection
	GlobalSection(ProjectConfigurationPlatforms) = postSolution
		{CF23E0F7-5917-4E25-BB60-D51EB4CF2ACE}.Debug|Any CPU.ActiveCfg = Debug|Any CPU
		{CF23E0F7-5917-4E25-BB60-D51EB4CF2ACE}.Debug|Any CPU.Build.0 = Debug|Any CPU
		{CF23E0F7-5917-4E25-BB60-D51EB4CF2ACE}.Release|Any CPU.ActiveCfg = Release|Any CPU
		{CF23E0F7-5917-4E25-BB60-D51EB4CF2ACE}.Release|Any CPU.Build.0 = Release|Any CPU
	EndGlobalSection
	GlobalSection(SolutionProperties) = preSolution
		HideSolutionNode = FALSE
	EndGlobalSection
	GlobalSection(ExtensibilityGlobals) = postSolution
		SolutionGuid = {F756ED35-DBFE-4051-9F81-35E60B36A763}
	EndGlobalSection
EndGlobal
